PODS:
  - TZImagePickerController (3.1.2)

DEPENDENCIES:
  - TZImagePickerController (~> 3.1.2)

SPEC REPOS:
  https://github.com/cocoapods/specs.git:
    - TZImagePickerController

SPEC CHECKSUMS:
  TZImagePickerController: 29b279caee3309cbaa04ef1384b036ec90297f3f

PODFILE CHECKSUM: d7ceb0dfca62159bece81c4d5594b3e1d3c60431

COCOAPODS: 1.5.3
