PODS:
  - TZImagePickerController (3.6.0)

DEPENDENCIES:
  - TZImagePickerController

SPEC REPOS:
  trunk:
    - TZImagePickerController

SPEC CHECKSUMS:
  TZImagePickerController: a37d7eec87c54436e896a67947033ad2178d498b

PODFILE CHECKSUM: 59d7afde2b0a037cf7d557d11d5501b0c4071cf6

COCOAPODS: 1.9.1
