// !$*UTF8*$!
{
	archiveVersion = 1;
	classes = {
	};
	objectVersion = 46;
	objects = {

/* Begin PBXBuildFile section */
		370F0CFD1E7AB455004B8663 /* NSString+ACMediaExt.m in Sources */ = {isa = PBXBuildFile; fileRef = 370F0CFC1E7AB455004B8663 /* NSString+ACMediaExt.m */; };
		370F0D001E7B6FC7004B8663 /* poem.png in Resources */ = {isa = PBXBuildFile; fileRef = 370F0CFF1E7B6FC7004B8663 /* poem.png */; };
		3741E4791E0D90CC0008653C /* main.m in Sources */ = {isa = PBXBuildFile; fileRef = 3741E4781E0D90CC0008653C /* main.m */; };
		3741E47C1E0D90CC0008653C /* AppDelegate.m in Sources */ = {isa = PBXBuildFile; fileRef = 3741E47B1E0D90CC0008653C /* AppDelegate.m */; };
		3741E4821E0D90CC0008653C /* Main.storyboard in Resources */ = {isa = PBXBuildFile; fileRef = 3741E4801E0D90CC0008653C /* Main.storyboard */; };
		3741E4841E0D90CC0008653C /* Assets.xcassets in Resources */ = {isa = PBXBuildFile; fileRef = 3741E4831E0D90CC0008653C /* Assets.xcassets */; };
		3741E4871E0D90CC0008653C /* LaunchScreen.storyboard in Resources */ = {isa = PBXBuildFile; fileRef = 3741E4851E0D90CC0008653C /* LaunchScreen.storyboard */; };
		3741E4971E0D93F50008653C /* ACMediaImageCell.m in Sources */ = {isa = PBXBuildFile; fileRef = 3741E4901E0D93F50008653C /* ACMediaImageCell.m */; };
		3741E4981E0D93F50008653C /* ACMediaManager.m in Sources */ = {isa = PBXBuildFile; fileRef = 3741E4921E0D93F50008653C /* ACMediaManager.m */; };
		3741E4991E0D93F50008653C /* ACSelectMediaView.m in Sources */ = {isa = PBXBuildFile; fileRef = 3741E4941E0D93F50008653C /* ACSelectMediaView.m */; };
		3741E49A1E0D93F50008653C /* ACShowMediaTypeView.m in Sources */ = {isa = PBXBuildFile; fileRef = 3741E4961E0D93F50008653C /* ACShowMediaTypeView.m */; };
		3741E4A11E0D96400008653C /* UIView+ACMediaExt.m in Sources */ = {isa = PBXBuildFile; fileRef = 3741E4A01E0D96400008653C /* UIView+ACMediaExt.m */; };
		3741E4A41E0D974D0008653C /* UIViewController+ACMediaExt.m in Sources */ = {isa = PBXBuildFile; fileRef = 3741E4A31E0D974D0008653C /* UIViewController+ACMediaExt.m */; };
		3741E4A81E0D9FBA0008653C /* MainViewController.m in Sources */ = {isa = PBXBuildFile; fileRef = 3741E4A71E0D9FBA0008653C /* MainViewController.m */; };
		37F09EA31E0FC7F600A186CA /* ACMediaModel.m in Sources */ = {isa = PBXBuildFile; fileRef = 37F09EA21E0FC7F600A186CA /* ACMediaModel.m */; };
		37F09EA81E0FE92C00A186CA /* ACMediaFrame.bundle in Resources */ = {isa = PBXBuildFile; fileRef = 37F09EA71E0FE92C00A186CA /* ACMediaFrame.bundle */; };
		F236C858D7816D6D613BF793 /* Pods_ACMediaFrame.framework in Frameworks */ = {isa = PBXBuildFile; fileRef = F429807B8F0320332B18F933 /* Pods_ACMediaFrame.framework */; };
/* End PBXBuildFile section */

/* Begin PBXFileReference section */
		2FC65FC59B371EDCB5E8D737 /* Pods-ACMediaFrame.release.xcconfig */ = {isa = PBXFileReference; includeInIndex = 1; lastKnownFileType = text.xcconfig; name = "Pods-ACMediaFrame.release.xcconfig"; path = "Pods/Target Support Files/Pods-ACMediaFrame/Pods-ACMediaFrame.release.xcconfig"; sourceTree = "<group>"; };
		33D877D816EDAD4BDAF4573E /* Pods-ACMediaFrame.debug.xcconfig */ = {isa = PBXFileReference; includeInIndex = 1; lastKnownFileType = text.xcconfig; name = "Pods-ACMediaFrame.debug.xcconfig"; path = "Pods/Target Support Files/Pods-ACMediaFrame/Pods-ACMediaFrame.debug.xcconfig"; sourceTree = "<group>"; };
		370F0CFB1E7AB455004B8663 /* NSString+ACMediaExt.h */ = {isa = PBXFileReference; fileEncoding = 4; lastKnownFileType = sourcecode.c.h; path = "NSString+ACMediaExt.h"; sourceTree = "<group>"; };
		370F0CFC1E7AB455004B8663 /* NSString+ACMediaExt.m */ = {isa = PBXFileReference; fileEncoding = 4; lastKnownFileType = sourcecode.c.objc; path = "NSString+ACMediaExt.m"; sourceTree = "<group>"; };
		370F0CFE1E7ABDBC004B8663 /* ACMediaFrame.h */ = {isa = PBXFileReference; lastKnownFileType = sourcecode.c.h; path = ACMediaFrame.h; sourceTree = "<group>"; };
		370F0CFF1E7B6FC7004B8663 /* poem.png */ = {isa = PBXFileReference; lastKnownFileType = image.png; path = poem.png; sourceTree = "<group>"; };
		3741E4741E0D90CC0008653C /* ACMediaFrame.app */ = {isa = PBXFileReference; explicitFileType = wrapper.application; includeInIndex = 0; path = ACMediaFrame.app; sourceTree = BUILT_PRODUCTS_DIR; };
		3741E4781E0D90CC0008653C /* main.m */ = {isa = PBXFileReference; lastKnownFileType = sourcecode.c.objc; path = main.m; sourceTree = "<group>"; };
		3741E47A1E0D90CC0008653C /* AppDelegate.h */ = {isa = PBXFileReference; lastKnownFileType = sourcecode.c.h; path = AppDelegate.h; sourceTree = "<group>"; };
		3741E47B1E0D90CC0008653C /* AppDelegate.m */ = {isa = PBXFileReference; lastKnownFileType = sourcecode.c.objc; path = AppDelegate.m; sourceTree = "<group>"; };
		3741E4811E0D90CC0008653C /* Base */ = {isa = PBXFileReference; lastKnownFileType = file.storyboard; name = Base; path = Base.lproj/Main.storyboard; sourceTree = "<group>"; };
		3741E4831E0D90CC0008653C /* Assets.xcassets */ = {isa = PBXFileReference; lastKnownFileType = folder.assetcatalog; path = Assets.xcassets; sourceTree = "<group>"; };
		3741E4861E0D90CC0008653C /* Base */ = {isa = PBXFileReference; lastKnownFileType = file.storyboard; name = Base; path = Base.lproj/LaunchScreen.storyboard; sourceTree = "<group>"; };
		3741E4881E0D90CC0008653C /* Info.plist */ = {isa = PBXFileReference; lastKnownFileType = text.plist.xml; path = Info.plist; sourceTree = "<group>"; };
		3741E48F1E0D93F50008653C /* ACMediaImageCell.h */ = {isa = PBXFileReference; fileEncoding = 4; lastKnownFileType = sourcecode.c.h; path = ACMediaImageCell.h; sourceTree = "<group>"; };
		3741E4901E0D93F50008653C /* ACMediaImageCell.m */ = {isa = PBXFileReference; fileEncoding = 4; lastKnownFileType = sourcecode.c.objc; path = ACMediaImageCell.m; sourceTree = "<group>"; };
		3741E4911E0D93F50008653C /* ACMediaManager.h */ = {isa = PBXFileReference; fileEncoding = 4; lastKnownFileType = sourcecode.c.h; path = ACMediaManager.h; sourceTree = "<group>"; };
		3741E4921E0D93F50008653C /* ACMediaManager.m */ = {isa = PBXFileReference; fileEncoding = 4; lastKnownFileType = sourcecode.c.objc; path = ACMediaManager.m; sourceTree = "<group>"; };
		3741E4931E0D93F50008653C /* ACSelectMediaView.h */ = {isa = PBXFileReference; fileEncoding = 4; lastKnownFileType = sourcecode.c.h; path = ACSelectMediaView.h; sourceTree = "<group>"; };
		3741E4941E0D93F50008653C /* ACSelectMediaView.m */ = {isa = PBXFileReference; fileEncoding = 4; lastKnownFileType = sourcecode.c.objc; path = ACSelectMediaView.m; sourceTree = "<group>"; };
		3741E4951E0D93F50008653C /* ACShowMediaTypeView.h */ = {isa = PBXFileReference; fileEncoding = 4; lastKnownFileType = sourcecode.c.h; path = ACShowMediaTypeView.h; sourceTree = "<group>"; };
		3741E4961E0D93F50008653C /* ACShowMediaTypeView.m */ = {isa = PBXFileReference; fileEncoding = 4; lastKnownFileType = sourcecode.c.objc; path = ACShowMediaTypeView.m; sourceTree = "<group>"; };
		3741E49F1E0D96400008653C /* UIView+ACMediaExt.h */ = {isa = PBXFileReference; fileEncoding = 4; lastKnownFileType = sourcecode.c.h; path = "UIView+ACMediaExt.h"; sourceTree = "<group>"; };
		3741E4A01E0D96400008653C /* UIView+ACMediaExt.m */ = {isa = PBXFileReference; fileEncoding = 4; lastKnownFileType = sourcecode.c.objc; path = "UIView+ACMediaExt.m"; sourceTree = "<group>"; };
		3741E4A21E0D974D0008653C /* UIViewController+ACMediaExt.h */ = {isa = PBXFileReference; fileEncoding = 4; lastKnownFileType = sourcecode.c.h; path = "UIViewController+ACMediaExt.h"; sourceTree = "<group>"; };
		3741E4A31E0D974D0008653C /* UIViewController+ACMediaExt.m */ = {isa = PBXFileReference; fileEncoding = 4; lastKnownFileType = sourcecode.c.objc; path = "UIViewController+ACMediaExt.m"; sourceTree = "<group>"; };
		3741E4A61E0D9FBA0008653C /* MainViewController.h */ = {isa = PBXFileReference; fileEncoding = 4; lastKnownFileType = sourcecode.c.h; path = MainViewController.h; sourceTree = "<group>"; };
		3741E4A71E0D9FBA0008653C /* MainViewController.m */ = {isa = PBXFileReference; fileEncoding = 4; lastKnownFileType = sourcecode.c.objc; path = MainViewController.m; sourceTree = "<group>"; };
		37F09EA11E0FC7F600A186CA /* ACMediaModel.h */ = {isa = PBXFileReference; fileEncoding = 4; lastKnownFileType = sourcecode.c.h; path = ACMediaModel.h; sourceTree = "<group>"; };
		37F09EA21E0FC7F600A186CA /* ACMediaModel.m */ = {isa = PBXFileReference; fileEncoding = 4; lastKnownFileType = sourcecode.c.objc; path = ACMediaModel.m; sourceTree = "<group>"; };
		37F09EA41E0FCCB900A186CA /* ACMediaFrameConst.h */ = {isa = PBXFileReference; fileEncoding = 4; lastKnownFileType = sourcecode.c.h; path = ACMediaFrameConst.h; sourceTree = "<group>"; };
		37F09EA71E0FE92C00A186CA /* ACMediaFrame.bundle */ = {isa = PBXFileReference; lastKnownFileType = "wrapper.plug-in"; path = ACMediaFrame.bundle; sourceTree = "<group>"; };
		F429807B8F0320332B18F933 /* Pods_ACMediaFrame.framework */ = {isa = PBXFileReference; explicitFileType = wrapper.framework; includeInIndex = 0; path = Pods_ACMediaFrame.framework; sourceTree = BUILT_PRODUCTS_DIR; };
/* End PBXFileReference section */

/* Begin PBXFrameworksBuildPhase section */
		3741E4711E0D90CC0008653C /* Frameworks */ = {
			isa = PBXFrameworksBuildPhase;
			buildActionMask = 2147483647;
			files = (
				F236C858D7816D6D613BF793 /* Pods_ACMediaFrame.framework in Frameworks */,
			);
			runOnlyForDeploymentPostprocessing = 0;
		};
/* End PBXFrameworksBuildPhase section */

/* Begin PBXGroup section */
		3741E46B1E0D90CC0008653C = {
			isa = PBXGroup;
			children = (
				3741E4761E0D90CC0008653C /* ACMediaFrame */,
				3741E4751E0D90CC0008653C /* Products */,
				7E40CD5B8C1E10D037BF625C /* Pods */,
				48C889EF0C0A5DB95CF8111D /* Frameworks */,
			);
			sourceTree = "<group>";
		};
		3741E4751E0D90CC0008653C /* Products */ = {
			isa = PBXGroup;
			children = (
				3741E4741E0D90CC0008653C /* ACMediaFrame.app */,
			);
			name = Products;
			sourceTree = "<group>";
		};
		3741E4761E0D90CC0008653C /* ACMediaFrame */ = {
			isa = PBXGroup;
			children = (
				3741E48E1E0D93F50008653C /* ACMediaFrame */,
				3741E47A1E0D90CC0008653C /* AppDelegate.h */,
				3741E47B1E0D90CC0008653C /* AppDelegate.m */,
				3741E4A61E0D9FBA0008653C /* MainViewController.h */,
				3741E4A71E0D9FBA0008653C /* MainViewController.m */,
				370F0CFF1E7B6FC7004B8663 /* poem.png */,
				3741E4801E0D90CC0008653C /* Main.storyboard */,
				3741E4831E0D90CC0008653C /* Assets.xcassets */,
				3741E4851E0D90CC0008653C /* LaunchScreen.storyboard */,
				3741E4881E0D90CC0008653C /* Info.plist */,
				3741E4771E0D90CC0008653C /* Supporting Files */,
			);
			path = ACMediaFrame;
			sourceTree = "<group>";
		};
		3741E4771E0D90CC0008653C /* Supporting Files */ = {
			isa = PBXGroup;
			children = (
				3741E4781E0D90CC0008653C /* main.m */,
			);
			name = "Supporting Files";
			sourceTree = "<group>";
		};
		3741E48E1E0D93F50008653C /* ACMediaFrame */ = {
			isa = PBXGroup;
			children = (
				370F0CFE1E7ABDBC004B8663 /* ACMediaFrame.h */,
				37F09EA41E0FCCB900A186CA /* ACMediaFrameConst.h */,
				3741E4911E0D93F50008653C /* ACMediaManager.h */,
				3741E4921E0D93F50008653C /* ACMediaManager.m */,
				37F09EA11E0FC7F600A186CA /* ACMediaModel.h */,
				37F09EA21E0FC7F600A186CA /* ACMediaModel.m */,
				3741E48F1E0D93F50008653C /* ACMediaImageCell.h */,
				3741E4901E0D93F50008653C /* ACMediaImageCell.m */,
				3741E4931E0D93F50008653C /* ACSelectMediaView.h */,
				3741E4941E0D93F50008653C /* ACSelectMediaView.m */,
				3741E4951E0D93F50008653C /* ACShowMediaTypeView.h */,
				3741E4961E0D93F50008653C /* ACShowMediaTypeView.m */,
				37F09EA71E0FE92C00A186CA /* ACMediaFrame.bundle */,
				3741E49B1E0D95E60008653C /* Libraries */,
			);
			path = ACMediaFrame;
			sourceTree = "<group>";
		};
		3741E49B1E0D95E60008653C /* Libraries */ = {
			isa = PBXGroup;
			children = (
				3741E49F1E0D96400008653C /* UIView+ACMediaExt.h */,
				3741E4A01E0D96400008653C /* UIView+ACMediaExt.m */,
				3741E4A21E0D974D0008653C /* UIViewController+ACMediaExt.h */,
				3741E4A31E0D974D0008653C /* UIViewController+ACMediaExt.m */,
				370F0CFB1E7AB455004B8663 /* NSString+ACMediaExt.h */,
				370F0CFC1E7AB455004B8663 /* NSString+ACMediaExt.m */,
			);
			path = Libraries;
			sourceTree = "<group>";
		};
		48C889EF0C0A5DB95CF8111D /* Frameworks */ = {
			isa = PBXGroup;
			children = (
				F429807B8F0320332B18F933 /* Pods_ACMediaFrame.framework */,
			);
			name = Frameworks;
			sourceTree = "<group>";
		};
		7E40CD5B8C1E10D037BF625C /* Pods */ = {
			isa = PBXGroup;
			children = (
				33D877D816EDAD4BDAF4573E /* Pods-ACMediaFrame.debug.xcconfig */,
				2FC65FC59B371EDCB5E8D737 /* Pods-ACMediaFrame.release.xcconfig */,
			);
			name = Pods;
			sourceTree = "<group>";
		};
/* End PBXGroup section */

/* Begin PBXNativeTarget section */
		3741E4731E0D90CC0008653C /* ACMediaFrame */ = {
			isa = PBXNativeTarget;
			buildConfigurationList = 3741E48B1E0D90CC0008653C /* Build configuration list for PBXNativeTarget "ACMediaFrame" */;
			buildPhases = (
				D446A5E488D23FD7AADFEA95 /* [CP] Check Pods Manifest.lock */,
				3741E4701E0D90CC0008653C /* Sources */,
				3741E4711E0D90CC0008653C /* Frameworks */,
				3741E4721E0D90CC0008653C /* Resources */,
				71DCD81BB477B0E06783EA51 /* [CP] Embed Pods Frameworks */,
				FC7E85CBD20507D01132924B /* [CP] Copy Pods Resources */,
			);
			buildRules = (
			);
			dependencies = (
			);
			name = ACMediaFrame;
			productName = ACMediaFrame;
			productReference = 3741E4741E0D90CC0008653C /* ACMediaFrame.app */;
			productType = "com.apple.product-type.application";
		};
/* End PBXNativeTarget section */

/* Begin PBXProject section */
		3741E46C1E0D90CC0008653C /* Project object */ = {
			isa = PBXProject;
			attributes = {
				LastUpgradeCheck = 0810;
				ORGANIZATIONNAME = ArthurCao;
				TargetAttributes = {
					3741E4731E0D90CC0008653C = {
						CreatedOnToolsVersion = 8.1;
						DevelopmentTeam = KV856G9KZB;
						ProvisioningStyle = Automatic;
					};
				};
			};
			buildConfigurationList = 3741E46F1E0D90CC0008653C /* Build configuration list for PBXProject "ACMediaFrame" */;
			compatibilityVersion = "Xcode 3.2";
			developmentRegion = English;
			hasScannedForEncodings = 0;
			knownRegions = (
				en,
				Base,
			);
			mainGroup = 3741E46B1E0D90CC0008653C;
			productRefGroup = 3741E4751E0D90CC0008653C /* Products */;
			projectDirPath = "";
			projectRoot = "";
			targets = (
				3741E4731E0D90CC0008653C /* ACMediaFrame */,
			);
		};
/* End PBXProject section */

/* Begin PBXResourcesBuildPhase section */
		3741E4721E0D90CC0008653C /* Resources */ = {
			isa = PBXResourcesBuildPhase;
			buildActionMask = 2147483647;
			files = (
				3741E4871E0D90CC0008653C /* LaunchScreen.storyboard in Resources */,
				370F0D001E7B6FC7004B8663 /* poem.png in Resources */,
				3741E4841E0D90CC0008653C /* Assets.xcassets in Resources */,
				37F09EA81E0FE92C00A186CA /* ACMediaFrame.bundle in Resources */,
				3741E4821E0D90CC0008653C /* Main.storyboard in Resources */,
			);
			runOnlyForDeploymentPostprocessing = 0;
		};
/* End PBXResourcesBuildPhase section */

/* Begin PBXShellScriptBuildPhase section */
		71DCD81BB477B0E06783EA51 /* [CP] Embed Pods Frameworks */ = {
			isa = PBXShellScriptBuildPhase;
			buildActionMask = 2147483647;
			files = (
			);
			inputPaths = (
			);
			name = "[CP] Embed Pods Frameworks";
			outputPaths = (
			);
			runOnlyForDeploymentPostprocessing = 0;
			shellPath = /bin/sh;
			shellScript = "\"${SRCROOT}/Pods/Target Support Files/Pods-ACMediaFrame/Pods-ACMediaFrame-frameworks.sh\"\n";
			showEnvVarsInLog = 0;
		};
		D446A5E488D23FD7AADFEA95 /* [CP] Check Pods Manifest.lock */ = {
			isa = PBXShellScriptBuildPhase;
			buildActionMask = 2147483647;
			files = (
			);
			inputPaths = (
			);
			name = "[CP] Check Pods Manifest.lock";
			outputPaths = (
			);
			runOnlyForDeploymentPostprocessing = 0;
			shellPath = /bin/sh;
			shellScript = "diff \"${PODS_PODFILE_DIR_PATH}/Podfile.lock\" \"${PODS_ROOT}/Manifest.lock\" > /dev/null\nif [ $? != 0 ] ; then\n    # print error to STDERR\n    echo \"error: The sandbox is not in sync with the Podfile.lock. Run 'pod install' or update your CocoaPods installation.\" >&2\n    exit 1\nfi\n";
			showEnvVarsInLog = 0;
		};
		FC7E85CBD20507D01132924B /* [CP] Copy Pods Resources */ = {
			isa = PBXShellScriptBuildPhase;
			buildActionMask = 2147483647;
			files = (
			);
			inputPaths = (
			);
			name = "[CP] Copy Pods Resources";
			outputPaths = (
			);
			runOnlyForDeploymentPostprocessing = 0;
			shellPath = /bin/sh;
			shellScript = "\"${SRCROOT}/Pods/Target Support Files/Pods-ACMediaFrame/Pods-ACMediaFrame-resources.sh\"\n";
			showEnvVarsInLog = 0;
		};
/* End PBXShellScriptBuildPhase section */

/* Begin PBXSourcesBuildPhase section */
		3741E4701E0D90CC0008653C /* Sources */ = {
			isa = PBXSourcesBuildPhase;
			buildActionMask = 2147483647;
			files = (
				3741E49A1E0D93F50008653C /* ACShowMediaTypeView.m in Sources */,
				3741E4981E0D93F50008653C /* ACMediaManager.m in Sources */,
				37F09EA31E0FC7F600A186CA /* ACMediaModel.m in Sources */,
				3741E4971E0D93F50008653C /* ACMediaImageCell.m in Sources */,
				3741E4A81E0D9FBA0008653C /* MainViewController.m in Sources */,
				3741E47C1E0D90CC0008653C /* AppDelegate.m in Sources */,
				3741E4A11E0D96400008653C /* UIView+ACMediaExt.m in Sources */,
				370F0CFD1E7AB455004B8663 /* NSString+ACMediaExt.m in Sources */,
				3741E4791E0D90CC0008653C /* main.m in Sources */,
				3741E4A41E0D974D0008653C /* UIViewController+ACMediaExt.m in Sources */,
				3741E4991E0D93F50008653C /* ACSelectMediaView.m in Sources */,
			);
			runOnlyForDeploymentPostprocessing = 0;
		};
/* End PBXSourcesBuildPhase section */

/* Begin PBXVariantGroup section */
		3741E4801E0D90CC0008653C /* Main.storyboard */ = {
			isa = PBXVariantGroup;
			children = (
				3741E4811E0D90CC0008653C /* Base */,
			);
			name = Main.storyboard;
			sourceTree = "<group>";
		};
		3741E4851E0D90CC0008653C /* LaunchScreen.storyboard */ = {
			isa = PBXVariantGroup;
			children = (
				3741E4861E0D90CC0008653C /* Base */,
			);
			name = LaunchScreen.storyboard;
			sourceTree = "<group>";
		};
/* End PBXVariantGroup section */

/* Begin XCBuildConfiguration section */
		3741E4891E0D90CC0008653C /* Debug */ = {
			isa = XCBuildConfiguration;
			buildSettings = {
				ALWAYS_SEARCH_USER_PATHS = NO;
				CLANG_ANALYZER_NONNULL = YES;
				CLANG_CXX_LANGUAGE_STANDARD = "gnu++0x";
				CLANG_CXX_LIBRARY = "libc++";
				CLANG_ENABLE_MODULES = YES;
				CLANG_ENABLE_OBJC_ARC = YES;
				CLANG_WARN_BOOL_CONVERSION = YES;
				CLANG_WARN_CONSTANT_CONVERSION = YES;
				CLANG_WARN_DIRECT_OBJC_ISA_USAGE = YES_ERROR;
				CLANG_WARN_DOCUMENTATION_COMMENTS = YES;
				CLANG_WARN_EMPTY_BODY = YES;
				CLANG_WARN_ENUM_CONVERSION = YES;
				CLANG_WARN_INFINITE_RECURSION = YES;
				CLANG_WARN_INT_CONVERSION = YES;
				CLANG_WARN_OBJC_ROOT_CLASS = YES_ERROR;
				CLANG_WARN_SUSPICIOUS_MOVES = YES;
				CLANG_WARN_UNREACHABLE_CODE = YES;
				CLANG_WARN__DUPLICATE_METHOD_MATCH = YES;
				"CODE_SIGN_IDENTITY[sdk=iphoneos*]" = "iPhone Developer";
				COPY_PHASE_STRIP = NO;
				DEBUG_INFORMATION_FORMAT = dwarf;
				ENABLE_STRICT_OBJC_MSGSEND = YES;
				ENABLE_TESTABILITY = YES;
				GCC_C_LANGUAGE_STANDARD = gnu99;
				GCC_DYNAMIC_NO_PIC = NO;
				GCC_NO_COMMON_BLOCKS = YES;
				GCC_OPTIMIZATION_LEVEL = 0;
				GCC_PREPROCESSOR_DEFINITIONS = (
					"DEBUG=1",
					"$(inherited)",
				);
				GCC_WARN_64_TO_32_BIT_CONVERSION = YES;
				GCC_WARN_ABOUT_RETURN_TYPE = YES_ERROR;
				GCC_WARN_UNDECLARED_SELECTOR = YES;
				GCC_WARN_UNINITIALIZED_AUTOS = YES_AGGRESSIVE;
				GCC_WARN_UNUSED_FUNCTION = YES;
				GCC_WARN_UNUSED_VARIABLE = YES;
				IPHONEOS_DEPLOYMENT_TARGET = 10.1;
				MTL_ENABLE_DEBUG_INFO = YES;
				ONLY_ACTIVE_ARCH = YES;
				SDKROOT = iphoneos;
				TARGETED_DEVICE_FAMILY = "1,2";
			};
			name = Debug;
		};
		3741E48A1E0D90CC0008653C /* Release */ = {
			isa = XCBuildConfiguration;
			buildSettings = {
				ALWAYS_SEARCH_USER_PATHS = NO;
				CLANG_ANALYZER_NONNULL = YES;
				CLANG_CXX_LANGUAGE_STANDARD = "gnu++0x";
				CLANG_CXX_LIBRARY = "libc++";
				CLANG_ENABLE_MODULES = YES;
				CLANG_ENABLE_OBJC_ARC = YES;
				CLANG_WARN_BOOL_CONVERSION = YES;
				CLANG_WARN_CONSTANT_CONVERSION = YES;
				CLANG_WARN_DIRECT_OBJC_ISA_USAGE = YES_ERROR;
				CLANG_WARN_DOCUMENTATION_COMMENTS = YES;
				CLANG_WARN_EMPTY_BODY = YES;
				CLANG_WARN_ENUM_CONVERSION = YES;
				CLANG_WARN_INFINITE_RECURSION = YES;
				CLANG_WARN_INT_CONVERSION = YES;
				CLANG_WARN_OBJC_ROOT_CLASS = YES_ERROR;
				CLANG_WARN_SUSPICIOUS_MOVES = YES;
				CLANG_WARN_UNREACHABLE_CODE = YES;
				CLANG_WARN__DUPLICATE_METHOD_MATCH = YES;
				"CODE_SIGN_IDENTITY[sdk=iphoneos*]" = "iPhone Developer";
				COPY_PHASE_STRIP = NO;
				DEBUG_INFORMATION_FORMAT = "dwarf-with-dsym";
				ENABLE_NS_ASSERTIONS = NO;
				ENABLE_STRICT_OBJC_MSGSEND = YES;
				GCC_C_LANGUAGE_STANDARD = gnu99;
				GCC_NO_COMMON_BLOCKS = YES;
				GCC_WARN_64_TO_32_BIT_CONVERSION = YES;
				GCC_WARN_ABOUT_RETURN_TYPE = YES_ERROR;
				GCC_WARN_UNDECLARED_SELECTOR = YES;
				GCC_WARN_UNINITIALIZED_AUTOS = YES_AGGRESSIVE;
				GCC_WARN_UNUSED_FUNCTION = YES;
				GCC_WARN_UNUSED_VARIABLE = YES;
				IPHONEOS_DEPLOYMENT_TARGET = 10.1;
				MTL_ENABLE_DEBUG_INFO = NO;
				SDKROOT = iphoneos;
				TARGETED_DEVICE_FAMILY = "1,2";
				VALIDATE_PRODUCT = YES;
			};
			name = Release;
		};
		3741E48C1E0D90CC0008653C /* Debug */ = {
			isa = XCBuildConfiguration;
			baseConfigurationReference = 33D877D816EDAD4BDAF4573E /* Pods-ACMediaFrame.debug.xcconfig */;
			buildSettings = {
				ASSETCATALOG_COMPILER_APPICON_NAME = AppIcon;
				DEVELOPMENT_TEAM = KV856G9KZB;
				INFOPLIST_FILE = ACMediaFrame/Info.plist;
				IPHONEOS_DEPLOYMENT_TARGET = 8.1;
				LD_RUNPATH_SEARCH_PATHS = "$(inherited) @executable_path/Frameworks";
				PRODUCT_BUNDLE_IDENTIFIER = honeycao.Frame;
				PRODUCT_NAME = "$(TARGET_NAME)";
			};
			name = Debug;
		};
		3741E48D1E0D90CC0008653C /* Release */ = {
			isa = XCBuildConfiguration;
			baseConfigurationReference = 2FC65FC59B371EDCB5E8D737 /* Pods-ACMediaFrame.release.xcconfig */;
			buildSettings = {
				ASSETCATALOG_COMPILER_APPICON_NAME = AppIcon;
				DEVELOPMENT_TEAM = KV856G9KZB;
				INFOPLIST_FILE = ACMediaFrame/Info.plist;
				IPHONEOS_DEPLOYMENT_TARGET = 8.1;
				LD_RUNPATH_SEARCH_PATHS = "$(inherited) @executable_path/Frameworks";
				PRODUCT_BUNDLE_IDENTIFIER = honeycao.Frame;
				PRODUCT_NAME = "$(TARGET_NAME)";
			};
			name = Release;
		};
/* End XCBuildConfiguration section */

/* Begin XCConfigurationList section */
		3741E46F1E0D90CC0008653C /* Build configuration list for PBXProject "ACMediaFrame" */ = {
			isa = XCConfigurationList;
			buildConfigurations = (
				3741E4891E0D90CC0008653C /* Debug */,
				3741E48A1E0D90CC0008653C /* Release */,
			);
			defaultConfigurationIsVisible = 0;
			defaultConfigurationName = Release;
		};
		3741E48B1E0D90CC0008653C /* Build configuration list for PBXNativeTarget "ACMediaFrame" */ = {
			isa = XCConfigurationList;
			buildConfigurations = (
				3741E48C1E0D90CC0008653C /* Debug */,
				3741E48D1E0D90CC0008653C /* Release */,
			);
			defaultConfigurationIsVisible = 0;
			defaultConfigurationName = Release;
		};
/* End XCConfigurationList section */
	};
	rootObject = 3741E46C1E0D90CC0008653C /* Project object */;
}
